
Microsoft Visual Studio Solution File, Format Version 12.00
# Visual Studio Version 17
VisualStudioVersion = 17.7.33711.374
MinimumVisualStudioVersion = 10.0.40219.1
Project("{9A19103F-16F7-4668-BE54-9A1E7A4F7556}") = "JobScheduler", "JobScheduler\JobScheduler.csproj", "{F40BBDE0-4CE6-4AFE-BBC1-FF2501B4CDCD}"
EndProject
Project("{FAE04EC0-301F-11D3-BF4B-00C04F79EFBC}") = "MicroserviceX", "MicroserviceX\MicroserviceX.csproj", "{E8B35079-3776-43B7-91E3-466DFEF58D0C}"
EndProject
Project("{2150E333-8FDC-42A3-9474-1A3956D46DE8}") = "Components", "Components", "{A22E2CA6-E508-4D8E-8102-96FE3BC7AE96}"
	ProjectSection(SolutionItems) = preProject
		components\pubsub.yaml = components\pubsub.yaml
		components\secrets.yaml = components\secrets.yaml
		components\statestore.yaml = components\statestore.yaml
	EndProjectSection
EndProject
Project("{2150E333-8FDC-42A3-9474-1A3956D46DE8}") = "Common", "Common", "{3A8C927F-47B2-415A-B973-7175411F5F49}"
	ProjectSection(SolutionItems) = preProject
		start.cmd = start.cmd
	EndProjectSection
EndProject
Project("{FAE04EC0-301F-11D3-BF4B-00C04F79EFBC}") = "Contracts", "Contracts\Contracts.csproj", "{8F30C0CB-BE2B-4915-8062-9277F496D8D6}"
EndProject
Global
	GlobalSection(SolutionConfigurationPlatforms) = preSolution
		Debug|Any CPU = Debug|Any CPU
		Release|Any CPU = Release|Any CPU
	EndGlobalSection
	GlobalSection(ProjectConfigurationPlatforms) = postSolution
		{F40BBDE0-4CE6-4AFE-BBC1-FF2501B4CDCD}.Debug|Any CPU.ActiveCfg = Debug|Any CPU
		{F40BBDE0-4CE6-4AFE-BBC1-FF2501B4CDCD}.Debug|Any CPU.Build.0 = Debug|Any CPU
		{F40BBDE0-4CE6-4AFE-BBC1-FF2501B4CDCD}.Release|Any CPU.ActiveCfg = Release|Any CPU
		{F40BBDE0-4CE6-4AFE-BBC1-FF2501B4CDCD}.Release|Any CPU.Build.0 = Release|Any CPU
		{E8B35079-3776-43B7-91E3-466DFEF58D0C}.Debug|Any CPU.ActiveCfg = Debug|Any CPU
		{E8B35079-3776-43B7-91E3-466DFEF58D0C}.Debug|Any CPU.Build.0 = Debug|Any CPU
		{E8B35079-3776-43B7-91E3-466DFEF58D0C}.Release|Any CPU.ActiveCfg = Release|Any CPU
		{E8B35079-3776-43B7-91E3-466DFEF58D0C}.Release|Any CPU.Build.0 = Release|Any CPU
		{8F30C0CB-BE2B-4915-8062-9277F496D8D6}.Debug|Any CPU.ActiveCfg = Debug|Any CPU
		{8F30C0CB-BE2B-4915-8062-9277F496D8D6}.Debug|Any CPU.Build.0 = Debug|Any CPU
		{8F30C0CB-BE2B-4915-8062-9277F496D8D6}.Release|Any CPU.ActiveCfg = Release|Any CPU
		{8F30C0CB-BE2B-4915-8062-9277F496D8D6}.Release|Any CPU.Build.0 = Release|Any CPU
	EndGlobalSection
	GlobalSection(SolutionProperties) = preSolution
		HideSolutionNode = FALSE
	EndGlobalSection
	GlobalSection(ExtensibilityGlobals) = postSolution
		SolutionGuid = {B6C84650-485A-498B-B03C-0A6982DBC4D5}
	EndGlobalSection
EndGlobal
